{
  "nodes": {
    "catppuccin-gtk": {
      "inputs": {
        "nixpkgs": [
          "nixpkgs-unstable-small"
        ]
      },
      "locked": {
        "lastModified": 1737579274,
        "narHash": "sha256-8kBIYfn8TI9jbffhDNS12SdbQHb9ITXflwcgIJBeGqw=",
        "owner": "catppuccin",
        "repo": "nix",
        "rev": "06f0ea19334bcc8112e6d671fd53e61f9e3ad63a",
        "type": "github"
      },
      "original": {
        "owner": "catppuccin",
        "repo": "nix",
        "rev": "06f0ea19334bcc8112e6d671fd53e61f9e3ad63a",
        "type": "github"
      }
    },
    "catppuccin-trivial": {
      "inputs": {
        "nixpkgs": [
          "nixpkgs-unstable-small"
        ]
      },
      "locked": {
        "lastModified": 1784366307,
        "narHash": "sha256-VKatYOZwLQ+MuNkWH6/gZYxrNeSK1Mqb7mC0H1WSu+M=",
        "owner": "catppuccin",
        "repo": "nix",
        "rev": "673f730d0fc8db3468c51575f1d3d777cc55e51f",
        "type": "github"
      },
      "original": {
        "owner": "catppuccin",
        "repo": "nix",
        "type": "github"
      }
    },
    "eupkgs": {
      "inputs": {
        "nixpkgs": [
          "nixpkgs-unstable-small"
        ]
      },
      "locked": {
        "lastModified": 1784148676,
        "narHash": "sha256-tb/i2/YPC9QpnwgvdyRWKbXaCbZka3nflvPkLp01s7c=",
        "owner": "euvlok",
        "repo": "pkgs",
        "rev": "e2f3df8dda19873e1c68ebd1f1a9062b93882ef2",
        "type": "github"
      },
      "original": {
        "owner": "euvlok",
        "repo": "pkgs",
        "type": "github"
      }
    },
    "flake-parts": {
      "inputs": {
        "nixpkgs-lib": "nixpkgs-lib"
      },
      "locked": {
        "lastModified": 1782949081,
        "narHash": "sha256-vp6Y/Grm98ESt6ceOkWiHWyZRDV3J1RID4w+6NWK9yA=",
        "owner": "hercules-ci",
        "repo": "flake-parts",
        "rev": "17c9d6cdfc60c64f4ee8d306f9bc0b4ccb51481e",
        "type": "github"
      },
      "original": {
        "owner": "hercules-ci",
        "repo": "flake-parts",
        "type": "github"
      }
    },
    "flake-utils": {
      "inputs": {
        "systems": "systems"
      },
      "locked": {
        "lastModified": 1731533236,
        "narHash": "sha256-l0KFg5HjrsfsO/JpG+r7fRrqm12kzFHyUHqHCVpMMbI=",
        "owner": "numtide",
        "repo": "flake-utils",
        "rev": "11707dc2f618dd54ca8739b309ec4fc024de578b",
        "type": "github"
      },
      "original": {
        "owner": "numtide",
        "repo": "flake-utils",
        "type": "github"
      }
    },
    "home-manager": {
      "inputs": {
        "nixpkgs": [
          "nixpkgs"
        ]
      },
      "locked": {
        "lastModified": 1783823409,
        "narHash": "sha256-OI4IkRjRXa1e7hYmCGJDPDq5H/kPwhsyoS80cNUF9fI=",
        "owner": "nix-community",
        "repo": "home-manager",
        "rev": "7566825d4652a1b885bd4ce65bd9e8def432fec9",
        "type": "github"
      },
      "original": {
        "owner": "nix-community",
        "repo": "home-manager",
        "type": "github"
      }
    },
    "nix-darwin": {
      "inputs": {
        "nixpkgs": [
          "nixpkgs"
        ]
      },
      "locked": {
        "lastModified": 1784500460,
        "narHash": "sha256-UvORnAxTRHax7RG74W8Z2t4GvIkX6AjJ5kk0QlwZomo=",
        "owner": "nix-darwin",
        "repo": "nix-darwin",
        "rev": "57a3171f94705599a2499248ca5758d5eb47c0e0",
        "type": "github"
      },
      "original": {
        "owner": "nix-darwin",
        "repo": "nix-darwin",
        "type": "github"
      }
    },
    "nix4vscode-trivial": {
      "inputs": {
        "nixpkgs": [
          "nixpkgs-unstable-small"
        ],
        "systems": [
          "flake-utils",
          "systems"
        ]
      },
      "locked": {
        "lastModified": 1784777907,
        "narHash": "sha256-DlWV9G0QAQa0LAEt3Y3dZE0KnTYFScUkxQNudaXzBjU=",
        "owner": "nix-community",
        "repo": "nix4vscode",
        "rev": "634dfcd15957b5984141e62cc6064eb1f40b28b4",
        "type": "github"
      },
      "original": {
        "owner": "nix-community",
        "repo": "nix4vscode",
        "type": "github"
      }
    },
    "nixcord-trivial": {
      "inputs": {
        "flake-compat": [],
        "flake-parts": [
          "flake-parts"
        ],
        "nixpkgs": [
          "nixpkgs-unstable-small"
        ],
        "nixpkgs-nixcord": "nixpkgs-nixcord"
      },
      "locked": {
        "lastModified": 1783942698,
        "narHash": "sha256-oVnGcwK62iKkB/erKqgrmnvrlCaVbDR88Upe0hDyIek=",
        "owner": "FlameFlag",
        "repo": "nixcord",
        "rev": "83b4aef38f6a7355a80c93b35e0706314e6bcd50",
        "type": "github"
      },
      "original": {
        "owner": "FlameFlag",
        "repo": "nixcord",
        "type": "github"
      }
    },
    "nixpkgs": {
      "locked": {
        "lastModified": 1783776592,
        "narHash": "sha256-UgCQzxeWI75XM8G+hPrPh+MKzEPjG3SpAj7dtqSbksA=",
        "owner": "NixOS",
        "repo": "nixpkgs",
        "rev": "e7a3ca8092b61ff85b6a45bf863ea2b2d6a661b3",
        "type": "github"
      },
      "original": {
        "owner": "NixOS",
        "ref": "nixos-unstable",
        "repo": "nixpkgs",
        "type": "github"
      }
    },
    "nixpkgs-lib": {
      "locked": {
        "lastModified": 1782614948,
        "narHash": "sha256-ePjCwr1sNm9NYUqywL7QfK3JnlS015msC+eBu2zKlp8=",
        "owner": "nix-community",
        "repo": "nixpkgs.lib",
        "rev": "db3f255737b94216eb71cce308e2912cf6bc2d7c",
        "type": "github"
      },
      "original": {
        "owner": "nix-community",
        "repo": "nixpkgs.lib",
        "type": "github"
      }
    },
    "nixpkgs-nixcord": {
      "locked": {
        "lastModified": 1782999065,
        "narHash": "sha256-5Dgj5+pIQYZKrXUGaLCk7CKfN3MmpwIhO94++WVxvng=",
        "owner": "NixOS",
        "repo": "nixpkgs",
        "rev": "80d591ed473cfc46329932c2aadac9b435342c7c",
        "type": "github"
      },
      "original": {
        "owner": "NixOS",
        "ref": "nixos-26.05",
        "repo": "nixpkgs",
        "type": "github"
      }
    },
    "nixpkgs-unstable-small": {
      "locked": {
        "lastModified": 1784124460,
        "narHash": "sha256-SuzyxniSemtq2B7AopFHKfF0f+6jjWK9dhURAyp6jgs=",
        "owner": "NixOS",
        "repo": "nixpkgs",
        "rev": "9770f9c6f9690ddb152b3bec6de1a25507831eb5",
        "type": "github"
      },
      "original": {
        "owner": "NixOS",
        "ref": "nixos-unstable-small",
        "repo": "nixpkgs",
        "type": "github"
      }
    },
    "nvidia-patch-trivial": {
      "inputs": {
        "nixpkgs": [
          "nixpkgs-unstable-small"
        ],
        "utils": [
          "flake-utils"
        ]
      },
      "locked": {
        "lastModified": 1783833086,
        "narHash": "sha256-RjtedNjAhoJIWFE6L5j6WAbkOgY04rFIhO6aSCl44Mc=",
        "owner": "icewind1991",
        "repo": "nvidia-patch-nixos",
        "rev": "cbffa63f052249bfa1eef746c833c65ed5014343",
        "type": "github"
      },
      "original": {
        "owner": "icewind1991",
        "repo": "nvidia-patch-nixos",
        "type": "github"
      }
    },
    "root": {
      "inputs": {
        "catppuccin-gtk": "catppuccin-gtk",
        "catppuccin-trivial": "catppuccin-trivial",
        "eupkgs": "eupkgs",
        "flake-parts": "flake-parts",
        "flake-utils": "flake-utils",
        "home-manager": "home-manager",
        "nix-darwin": "nix-darwin",
        "nix4vscode-trivial": "nix4vscode-trivial",
        "nixcord-trivial": "nixcord-trivial",
        "nixpkgs": "nixpkgs",
        "nixpkgs-unstable-small": "nixpkgs-unstable-small",
        "nvidia-patch-trivial": "nvidia-patch-trivial",
        "sops-nix-trivial": "sops-nix-trivial",
        "zen-browser-trivial": "zen-browser-trivial"
      }
    },
    "sops-nix-trivial": {
      "inputs": {
        "nixpkgs": [
          "nixpkgs-unstable-small"
        ]
      },
      "locked": {
        "lastModified": 1783174389,
        "narHash": "sha256-aCWC8ngycU7OdJrU2+Je3qf+1a2ykuBvpPhZT/9tXMc=",
        "owner": "Mic92",
        "repo": "sops-nix",
        "rev": "f1406619a3884cd5c47992a70b8b35c9c0fcb4c9",
        "type": "github"
      },
      "original": {
        "owner": "Mic92",
        "repo": "sops-nix",
        "type": "github"
      }
    },
    "systems": {
      "locked": {
        "lastModified": 1681028828,
        "narHash": "sha256-Vy1rq5AaRuLzOxct8nz4T6wlgyUR7zLU309k9mBC768=",
        "owner": "nix-systems",
        "repo": "default",
        "rev": "da67096a3b9bf56a91d16901293e51ba5b49a27e",
        "type": "github"
      },
      "original": {
        "owner": "nix-systems",
        "repo": "default",
        "type": "github"
      }
    },
    "zen-browser-trivial": {
      "inputs": {
        "home-manager": [
          "home-manager"
        ],
        "nixpkgs": [
          "nixpkgs-unstable-small"
        ]
      },
      "locked": {
        "lastModified": 1784152615,
        "narHash": "sha256-a6rXlj/ID3daqedQCT1/3L9sNYmK0ihcPrLF77uWSnY=",
        "owner": "0xc000022070",
        "repo": "zen-browser-flake",
        "rev": "e273eec408c07eaa0865bedc4fa5f4d190d51980",
        "type": "github"
      },
      "original": {
        "owner": "0xc000022070",
        "repo": "zen-browser-flake",
        "type": "github"
      }
    }
  },
  "root": "root",
  "version": 7
}
