{
  "nodes": {
    "anime-cursors-source": {
      "inputs": {
        "devenv": [
          "users-devenv"
        ],
        "flake-parts": [
          "users-flake-parts"
        ],
        "mk-shell-bin": [],
        "nix2container": [],
        "nixpkgs": "nixpkgs",
        "nixpkgs-python": "nixpkgs-python",
        "pre-commit-hooks": [
          "users-devenv",
          "git-hooks"
        ]
      },
      "locked": {
        "lastModified": 1746567420,
        "narHash": "sha256-2WlOlUpFk5CggZ8IYsvHgpIXhr46xWuMbTWGeKulOPY=",
        "owner": "ashuramaruzxc",
        "repo": "anime-cursors",
        "rev": "bd16f5aa072069bfb9d627c94e4fd28f79d00484",
        "type": "github"
      },
      "original": {
        "owner": "ashuramaruzxc",
        "repo": "anime-cursors",
        "type": "github"
      }
    },
    "argononed": {
      "flake": false,
      "locked": {
        "lastModified": 1729566243,
        "narHash": "sha256-DPNI0Dpk5aym3Baf5UbEe5GENDrSmmXVdriRSWE+rgk=",
        "owner": "nvmd",
        "repo": "argononed",
        "rev": "16dbee54d49b66d5654d228d1061246b440ef7cf",
        "type": "github"
      },
      "original": {
        "owner": "nvmd",
        "repo": "argononed",
        "type": "github"
      }
    },
    "base16": {
      "inputs": {
        "fromYaml": "fromYaml"
      },
      "locked": {
        "lastModified": 1755819240,
        "narHash": "sha256-qcMhnL7aGAuFuutH4rq9fvAhCpJWVHLcHVZLtPctPlo=",
        "owner": "SenchoPens",
        "repo": "base16.nix",
        "rev": "75ed5e5e3fce37df22e49125181fa37899c3ccd6",
        "type": "github"
      },
      "original": {
        "owner": "SenchoPens",
        "repo": "base16.nix",
        "type": "github"
      }
    },
    "base16-fish": {
      "flake": false,
      "locked": {
        "lastModified": 1765809053,
        "narHash": "sha256-XCUQLoLfBJ8saWms2HCIj4NEN+xNsWBlU1NrEPcQG4s=",
        "owner": "tomyun",
        "repo": "base16-fish",
        "rev": "86cbea4dca62e08fb7fd83a70e96472f92574782",
        "type": "github"
      },
      "original": {
        "owner": "tomyun",
        "repo": "base16-fish",
        "rev": "86cbea4dca62e08fb7fd83a70e96472f92574782",
        "type": "github"
      }
    },
    "base16-helix": {
      "flake": false,
      "locked": {
        "lastModified": 1776754714,
        "narHash": "sha256-E3OAK27smtATTmX45uoTSRsVD+Y+ZiVVfgM/tjpbtYg=",
        "owner": "tinted-theming",
        "repo": "base16-helix",
        "rev": "4d508123037e7851ad36ebf7d9c48b0e9e1eb581",
        "type": "github"
      },
      "original": {
        "owner": "tinted-theming",
        "repo": "base16-helix",
        "type": "github"
      }
    },
    "base16-vim": {
      "flake": false,
      "locked": {
        "lastModified": 1732806396,
        "narHash": "sha256-e0bpPySdJf0F68Ndanwm+KWHgQiZ0s7liLhvJSWDNsA=",
        "owner": "tinted-theming",
        "repo": "base16-vim",
        "rev": "577fe8125d74ff456cf942c733a85d769afe58b7",
        "type": "github"
      },
      "original": {
        "owner": "tinted-theming",
        "repo": "base16-vim",
        "rev": "577fe8125d74ff456cf942c733a85d769afe58b7",
        "type": "github"
      }
    },
    "brew-src": {
      "flake": false,
      "locked": {
        "lastModified": 1786945682,
        "narHash": "sha256-VBESSoJccikdhxh3vp3SQeG7cZXTOulMvVkoSqNDEhs=",
        "owner": "Homebrew",
        "repo": "brew",
        "rev": "5b90e281d4e0c8fbd6ca4d8358276fb305b8d0bd",
        "type": "github"
      },
      "original": {
        "owner": "Homebrew",
        "ref": "6.0.18",
        "repo": "brew",
        "type": "github"
      }
    },
    "cachix": {
      "inputs": {
        "devenv": [
          "users-devenv"
        ],
        "flake-compat": [],
        "git-hooks": [
          "users-devenv",
          "git-hooks"
        ],
        "nixpkgs": [
          "users-devenv",
          "nixpkgs"
        ]
      },
      "locked": {
        "lastModified": 1777487137,
        "narHash": "sha256-TuvKVBX60mqyMT6OB5JqVEh1YIWtFMR/igLCaCdC9tw=",
        "owner": "cachix",
        "repo": "cachix",
        "rev": "a66a440c321d35f7193472c317f42a55ccd1cb93",
        "type": "github"
      },
      "original": {
        "owner": "cachix",
        "ref": "latest",
        "repo": "cachix",
        "type": "github"
      }
    },
    "codex-desktop-linux": {
      "inputs": {
        "flake-utils": [
          "users-flake-utils"
        ],
        "nixpkgs": [
          "users-nixpkgs-unstable-small"
        ]
      },
      "locked": {
        "lastModified": 1788327105,
        "narHash": "sha256-rm2NxhIqbd13IM7YToRsk8rKAT+Fmge/+M5iwg9wONA=",
        "owner": "ilysenko",
        "repo": "codex-desktop-linux",
        "rev": "6fbd37aca34fd82f315b6f89aed5999a2d9425df",
        "type": "github"
      },
      "original": {
        "owner": "ilysenko",
        "repo": "codex-desktop-linux",
        "type": "github"
      }
    },
    "disko-rpi": {
      "inputs": {
        "nixpkgs": [
          "users-nixpkgs"
        ]
      },
      "locked": {
        "lastModified": 1755877712,
        "narHash": "sha256-hS2Bl5YwmTxDSHrTZ1xpeUyyOhw6bZIWrorBl+xlS/M=",
        "owner": "nvmd",
        "repo": "disko",
        "rev": "a3432d6ea84d96d105eb04ee0ca92850ce7f8aff",
        "type": "github"
      },
      "original": {
        "owner": "nvmd",
        "ref": "gpt-attrs",
        "repo": "disko",
        "type": "github"
      }
    },
    "firefox-gnome-theme": {
      "flake": false,
      "locked": {
        "lastModified": 1783570805,
        "narHash": "sha256-ptl5aRlCv9/uRSv2u8Hq8UFVFeZ6Q/bT049bpqNgc3w=",
        "owner": "rafaelmardojai",
        "repo": "firefox-gnome-theme",
        "rev": "5602ed62d638142c1ab31dccd01dfbfb28841225",
        "type": "github"
      },
      "original": {
        "owner": "rafaelmardojai",
        "repo": "firefox-gnome-theme",
        "type": "github"
      }
    },
    "flatpak-declarative": {
      "locked": {
        "lastModified": 1786463886,
        "narHash": "sha256-E9bldG7z949Qon/urP8VCjTOLSS+etmtiQEE8rsnVFg=",
        "owner": "in-a-dil-emma",
        "repo": "declarative-flatpak",
        "rev": "9148482f3ca70353c91a362ce31463e9e7001041",
        "type": "github"
      },
      "original": {
        "owner": "in-a-dil-emma",
        "repo": "declarative-flatpak",
        "type": "github"
      }
    },
    "fromYaml": {
      "flake": false,
      "locked": {
        "lastModified": 1731966426,
        "narHash": "sha256-lq95WydhbUTWig/JpqiB7oViTcHFP8Lv41IGtayokA8=",
        "owner": "SenchoPens",
        "repo": "fromYaml",
        "rev": "106af9e2f715e2d828df706c386a685698f3223b",
        "type": "github"
      },
      "original": {
        "owner": "SenchoPens",
        "repo": "fromYaml",
        "type": "github"
      }
    },
    "ghostty": {
      "flake": false,
      "locked": {
        "lastModified": 1784602798,
        "narHash": "sha256-298x90knBUWX5GHGXh2SKsAKvStjU2ri9UgOGoF79/8=",
        "owner": "ghostty-org",
        "repo": "ghostty",
        "rev": "88b4cd047fa627cdca6781bc7e7dc8b75a2cecb9",
        "type": "github"
      },
      "original": {
        "owner": "ghostty-org",
        "repo": "ghostty",
        "type": "github"
      }
    },
    "git-hooks": {
      "inputs": {
        "flake-compat": [
          "users-devenv",
          "flake-compat"
        ],
        "nixpkgs": [
          "users-devenv",
          "nixpkgs"
        ]
      },
      "locked": {
        "lastModified": 1782908218,
        "narHash": "sha256-wLMOrPgVyeF3XmP+qfYcLqnVdTxikdcSvbIY7rA9jTA=",
        "owner": "cachix",
        "repo": "git-hooks.nix",
        "rev": "9f7e99119ece7705299595299f3b031f39356de1",
        "type": "github"
      },
      "original": {
        "owner": "cachix",
        "repo": "git-hooks.nix",
        "type": "github"
      }
    },
    "gnome-shell": {
      "flake": false,
      "locked": {
        "host": "gitlab.gnome.org",
        "lastModified": 1776175984,
        "narHash": "sha256-RJFlFW8GiMei6oqUGrMkGEvVqOH8U7Q8abc1yK4VKD8=",
        "owner": "GNOME",
        "repo": "gnome-shell",
        "rev": "e0fdc4c13250e9a9b8ea9594c83925274f4a5dca",
        "type": "gitlab"
      },
      "original": {
        "host": "gitlab.gnome.org",
        "owner": "GNOME",
        "ref": "50.1",
        "repo": "gnome-shell",
        "type": "gitlab"
      }
    },
    "homebrew-cask-source": {
      "flake": false,
      "locked": {
        "lastModified": 1788346608,
        "narHash": "sha256-eqy+C0M1Oh2Hm3668OOfZXdhCC2KrwvJcUnBEFbRJtM=",
        "owner": "homebrew",
        "repo": "homebrew-cask",
        "rev": "8d894b0ea824ae62d43735e642f75ad478522edb",
        "type": "github"
      },
      "original": {
        "owner": "homebrew",
        "repo": "homebrew-cask",
        "type": "github"
      }
    },
    "homebrew-core-source": {
      "flake": false,
      "locked": {
        "lastModified": 1788342848,
        "narHash": "sha256-60mYSkrDG/rRU7PzMD6EZseFHZHkeDWAP+mGA3hmxVw=",
        "owner": "homebrew",
        "repo": "homebrew-core",
        "rev": "e045d7385fd7ad8907621300224f8a860bdd7bbb",
        "type": "github"
      },
      "original": {
        "owner": "homebrew",
        "repo": "homebrew-core",
        "type": "github"
      }
    },
    "homebrew-crc-source": {
      "flake": false,
      "locked": {
        "lastModified": 1734343695,
        "narHash": "sha256-LCKswMv/o9KdCjI8F/I11uNos/hDA8ozkejCTOQQ9XA=",
        "owner": "cfergeau",
        "repo": "homebrew-crc",
        "rev": "2b96324f295ecde395f6f302c8342329efc969bc",
        "type": "github"
      },
      "original": {
        "owner": "cfergeau",
        "repo": "homebrew-crc",
        "type": "github"
      }
    },
    "nix": {
      "inputs": {
        "flake-compat": [
          "users-devenv",
          "flake-compat"
        ],
        "flake-parts": [
          "users-devenv",
          "flake-parts"
        ],
        "git-hooks-nix": [
          "users-devenv",
          "git-hooks"
        ],
        "nixpkgs": [
          "users-devenv",
          "nixpkgs"
        ],
        "nixpkgs-23-11": [
          "users-devenv"
        ],
        "nixpkgs-regression": [
          "users-devenv"
        ]
      },
      "locked": {
        "lastModified": 1788036898,
        "narHash": "sha256-3NT3yTvoRT7+rxLDNovpyeTDIJkZlBoO72rcu2x9Y9o=",
        "owner": "cachix",
        "repo": "nix",
        "rev": "b9b81726b38469c55b9706d80d37d6c73cc7f76c",
        "type": "github"
      },
      "original": {
        "owner": "cachix",
        "ref": "devenv-2.35",
        "repo": "nix",
        "type": "github"
      }
    },
    "nix-homebrew": {
      "inputs": {
        "brew-src": "brew-src"
      },
      "locked": {
        "lastModified": 1787330919,
        "narHash": "sha256-LslMncqN7uOOH5S88WZtO/EVt2HwD8ltUnfyANk+mC0=",
        "owner": "zhaofengli",
        "repo": "nix-homebrew",
        "rev": "b00218e4aec0e5bf07d61a0bb13f842faa582d7b",
        "type": "github"
      },
      "original": {
        "owner": "zhaofengli",
        "repo": "nix-homebrew",
        "type": "github"
      }
    },
    "nixos-images": {
      "inputs": {
        "nixos-stable": [
          "nixos-raspberrypi",
          "nixpkgs"
        ],
        "nixos-unstable": [
          "nixos-raspberrypi",
          "nixpkgs"
        ]
      },
      "locked": {
        "lastModified": 1747747741,
        "narHash": "sha256-LUOH27unNWbGTvZFitHonraNx0JF/55h30r9WxqrznM=",
        "owner": "nvmd",
        "repo": "nixos-images",
        "rev": "cbbd6db325775096680b65e2a32fb6187c09bbb4",
        "type": "github"
      },
      "original": {
        "owner": "nvmd",
        "ref": "sdimage-installer",
        "repo": "nixos-images",
        "type": "github"
      }
    },
    "nixos-raspberrypi": {
      "inputs": {
        "argononed": "argononed",
        "flake-compat": [],
        "nixos-images": "nixos-images",
        "nixpkgs": [
          "users-nixpkgs"
        ]
      },
      "locked": {
        "lastModified": 1788090864,
        "narHash": "sha256-yxD1HQBV5mDFYKNE3OjLFQXV1iM5sNjMNugSg/UyXv4=",
        "owner": "nvmd",
        "repo": "nixos-raspberrypi",
        "rev": "2250a856696f45c4ba731ef613b514e6a40ab674",
        "type": "github"
      },
      "original": {
        "owner": "nvmd",
        "repo": "nixos-raspberrypi",
        "type": "github"
      }
    },
    "nixpkgs": {
      "locked": {
        "lastModified": 1746328495,
        "narHash": "sha256-uKCfuDs7ZM3QpCE/jnfubTg459CnKnJG/LwqEVEdEiw=",
        "owner": "NixOS",
        "repo": "nixpkgs",
        "rev": "979daf34c8cacebcd917d540070b52a3c2b9b16e",
        "type": "github"
      },
      "original": {
        "owner": "NixOS",
        "ref": "nixos-unstable",
        "repo": "nixpkgs",
        "type": "github"
      }
    },
    "nixpkgs-lib": {
      "locked": {
        "lastModified": 1788057806,
        "narHash": "sha256-DTQSMxzDWmT0zhguthvegnVkn7CFqGCv4IHCzk5ZUpM=",
        "owner": "nix-community",
        "repo": "nixpkgs.lib",
        "rev": "596e2e3940e09b2abbeb03f75fa1828c57fcd72c",
        "type": "github"
      },
      "original": {
        "owner": "nix-community",
        "repo": "nixpkgs.lib",
        "type": "github"
      }
    },
    "nixpkgs-python": {
      "inputs": {
        "flake-compat": [],
        "nixpkgs": [
          "anime-cursors-source",
          "nixpkgs"
        ]
      },
      "locked": {
        "lastModified": 1746223523,
        "narHash": "sha256-BH27BJZNbR0zQAL/mFCxDPR6K6mbrmjJ66lxVDTNPXU=",
        "owner": "cachix",
        "repo": "nixpkgs-python",
        "rev": "3f5f1dbe0122a1741907aa5ab76f7337ffcd2ccb",
        "type": "github"
      },
      "original": {
        "owner": "cachix",
        "repo": "nixpkgs-python",
        "type": "github"
      }
    },
    "nixpkgs-unstable": {
      "locked": {
        "lastModified": 1788179007,
        "narHash": "sha256-hn1oU2rue2SYK8dAr8+WNZWtbsz1S2W5mnHlSEuh3bo=",
        "owner": "NixOS",
        "repo": "nixpkgs",
        "rev": "34ab99075ac4f7e40cf037eef32cb1c360bb85e9",
        "type": "github"
      },
      "original": {
        "owner": "NixOS",
        "ref": "nixos-unstable",
        "repo": "nixpkgs",
        "type": "github"
      }
    },
    "nur": {
      "inputs": {
        "flake-parts": [
          "stylix",
          "flake-parts"
        ],
        "nixpkgs": [
          "stylix",
          "nixpkgs"
        ]
      },
      "locked": {
        "lastModified": 1785549842,
        "narHash": "sha256-DCwBZmGsySF7oKGTRgEv2HvpxVXkHT+38VhTM76k0B4=",
        "owner": "nix-community",
        "repo": "NUR",
        "rev": "a9f987b57594e845e3e5cdd423b9a70846d70308",
        "type": "github"
      },
      "original": {
        "owner": "nix-community",
        "repo": "NUR",
        "type": "github"
      }
    },
    "root": {
      "inputs": {
        "anime-cursors-source": "anime-cursors-source",
        "codex-desktop-linux": "codex-desktop-linux",
        "disko-rpi": "disko-rpi",
        "flatpak-declarative": "flatpak-declarative",
        "homebrew-cask-source": "homebrew-cask-source",
        "homebrew-core-source": "homebrew-core-source",
        "homebrew-crc-source": "homebrew-crc-source",
        "nix-homebrew": "nix-homebrew",
        "nixos-raspberrypi": "nixos-raspberrypi",
        "nixpkgs-unstable": "nixpkgs-unstable",
        "spicetify-nix": "spicetify-nix",
        "stylix": "stylix",
        "users-devenv": "users-devenv",
        "users-flake-parts": "users-flake-parts",
        "users-flake-utils": "users-flake-utils",
        "users-nixpkgs": "users-nixpkgs",
        "users-nixpkgs-unstable-small": "users-nixpkgs-unstable-small"
      }
    },
    "rust-overlay": {
      "inputs": {
        "nixpkgs": [
          "users-devenv",
          "nixpkgs"
        ]
      },
      "locked": {
        "lastModified": 1782875958,
        "narHash": "sha256-5eqDcnBjb1424HRQdnhuhNOBZguq1Z2tqSa2OMF/m2c=",
        "owner": "oxalica",
        "repo": "rust-overlay",
        "rev": "13139aefa973f3d96c60c0fbab801de058ae25ca",
        "type": "github"
      },
      "original": {
        "owner": "oxalica",
        "repo": "rust-overlay",
        "type": "github"
      }
    },
    "spicetify-nix": {
      "inputs": {
        "nixpkgs": [
          "users-nixpkgs-unstable-small"
        ],
        "systems": [
          "users-flake-utils",
          "systems"
        ]
      },
      "locked": {
        "lastModified": 1788263070,
        "narHash": "sha256-Mw163zYcjr59hB2JMC1iKU1Y69SNKZ2r/haXZ07UWQY=",
        "owner": "Gerg-L",
        "repo": "spicetify-nix",
        "rev": "27ff19b00338052e8a504e1d1a34efad82c4bb26",
        "type": "github"
      },
      "original": {
        "owner": "Gerg-L",
        "repo": "spicetify-nix",
        "type": "github"
      }
    },
    "stylix": {
      "inputs": {
        "base16": "base16",
        "base16-fish": "base16-fish",
        "base16-helix": "base16-helix",
        "base16-vim": "base16-vim",
        "firefox-gnome-theme": "firefox-gnome-theme",
        "flake-parts": [
          "users-flake-parts"
        ],
        "gnome-shell": "gnome-shell",
        "nixpkgs": [
          "users-nixpkgs-unstable-small"
        ],
        "nur": "nur",
        "systems": [
          "users-flake-utils",
          "systems"
        ],
        "tinted-kitty": "tinted-kitty",
        "tinted-schemes": "tinted-schemes",
        "tinted-tmux": "tinted-tmux",
        "tinted-zed": "tinted-zed"
      },
      "locked": {
        "lastModified": 1787771653,
        "narHash": "sha256-DkkJSBOXWV/mja5Vy8az5g1KpZlsbUwlmH0BsQhowaQ=",
        "owner": "danth",
        "repo": "stylix",
        "rev": "5e3809851f486e7fc7e84b40f174c74b60ecc784",
        "type": "github"
      },
      "original": {
        "owner": "danth",
        "repo": "stylix",
        "type": "github"
      }
    },
    "systems": {
      "locked": {
        "lastModified": 1681028828,
        "narHash": "sha256-Vy1rq5AaRuLzOxct8nz4T6wlgyUR7zLU309k9mBC768=",
        "owner": "nix-systems",
        "repo": "default",
        "rev": "da67096a3b9bf56a91d16901293e51ba5b49a27e",
        "type": "github"
      },
      "original": {
        "owner": "nix-systems",
        "repo": "default",
        "type": "github"
      }
    },
    "tinted-kitty": {
      "flake": false,
      "locked": {
        "lastModified": 1735730497,
        "narHash": "sha256-4KtB+FiUzIeK/4aHCKce3V9HwRvYaxX+F1edUrfgzb8=",
        "owner": "tinted-theming",
        "repo": "tinted-kitty",
        "rev": "de6f888497f2c6b2279361bfc790f164bfd0f3fa",
        "type": "github"
      },
      "original": {
        "owner": "tinted-theming",
        "repo": "tinted-kitty",
        "type": "github"
      }
    },
    "tinted-schemes": {
      "flake": false,
      "locked": {
        "lastModified": 1785153830,
        "narHash": "sha256-fNdfCTeCXU3tZG3TMincd+u68qBHQgCr2Ljr/M1mWP0=",
        "owner": "tinted-theming",
        "repo": "schemes",
        "rev": "9bd28ed313560db3c5b605c63bc4e309e78e3fc8",
        "type": "github"
      },
      "original": {
        "owner": "tinted-theming",
        "repo": "schemes",
        "type": "github"
      }
    },
    "tinted-tmux": {
      "flake": false,
      "locked": {
        "lastModified": 1785031658,
        "narHash": "sha256-mZp9O2LjzdMzlqQF3l3fjqsuPBzXy+1qTfBEUGjTlpk=",
        "owner": "tinted-theming",
        "repo": "tinted-tmux",
        "rev": "5d2c67f61ea7af36f16865ab6d541cdba41dc257",
        "type": "github"
      },
      "original": {
        "owner": "tinted-theming",
        "repo": "tinted-tmux",
        "type": "github"
      }
    },
    "tinted-zed": {
      "flake": false,
      "locked": {
        "lastModified": 1785030526,
        "narHash": "sha256-klZf8UviewRkxuu74Bhbq6tqy7oxebQC7UVRWbbtQxU=",
        "owner": "tinted-theming",
        "repo": "base16-zed",
        "rev": "16f5a8adf4a6b1310d0a61ab172de963e8f76a02",
        "type": "github"
      },
      "original": {
        "owner": "tinted-theming",
        "repo": "base16-zed",
        "type": "github"
      }
    },
    "users-devenv": {
      "inputs": {
        "cachix": "cachix",
        "crate2nix": [],
        "flake-compat": [],
        "flake-parts": [
          "users-flake-parts"
        ],
        "ghostty": "ghostty",
        "git-hooks": "git-hooks",
        "nix": "nix",
        "nixd": [],
        "nixpkgs": [
          "users-nixpkgs-unstable-small"
        ],
        "rust-overlay": "rust-overlay"
      },
      "locked": {
        "lastModified": 1788303825,
        "narHash": "sha256-R1tqmYSV5yVTqmy+uISsSn+eEiqgW0F49orOHCOBSts=",
        "owner": "cachix",
        "repo": "devenv",
        "rev": "df5c75a82c3ac3d70a13c90fb869b7e44470a118",
        "type": "github"
      },
      "original": {
        "owner": "cachix",
        "repo": "devenv",
        "type": "github"
      }
    },
    "users-flake-parts": {
      "inputs": {
        "nixpkgs-lib": "nixpkgs-lib"
      },
      "locked": {
        "lastModified": 1788306937,
        "narHash": "sha256-lbrI1UYVpFgKSsyrU9oeF7FHfnu8nLD9ja0ou9f2rxk=",
        "owner": "hercules-ci",
        "repo": "flake-parts",
        "rev": "f16b25b8c3d2809b87925d0b76652d7821a75c68",
        "type": "github"
      },
      "original": {
        "owner": "hercules-ci",
        "repo": "flake-parts",
        "type": "github"
      }
    },
    "users-flake-utils": {
      "inputs": {
        "systems": "systems"
      },
      "locked": {
        "lastModified": 1731533236,
        "narHash": "sha256-l0KFg5HjrsfsO/JpG+r7fRrqm12kzFHyUHqHCVpMMbI=",
        "owner": "numtide",
        "repo": "flake-utils",
        "rev": "11707dc2f618dd54ca8739b309ec4fc024de578b",
        "type": "github"
      },
      "original": {
        "owner": "numtide",
        "repo": "flake-utils",
        "type": "github"
      }
    },
    "users-nixpkgs": {
      "locked": {
        "lastModified": 1788179007,
        "narHash": "sha256-hn1oU2rue2SYK8dAr8+WNZWtbsz1S2W5mnHlSEuh3bo=",
        "owner": "NixOS",
        "repo": "nixpkgs",
        "rev": "34ab99075ac4f7e40cf037eef32cb1c360bb85e9",
        "type": "github"
      },
      "original": {
        "owner": "NixOS",
        "ref": "nixos-unstable",
        "repo": "nixpkgs",
        "type": "github"
      }
    },
    "users-nixpkgs-unstable-small": {
      "locked": {
        "lastModified": 1788329703,
        "narHash": "sha256-fHvRW4JUchuw6QNzQ50BfzeYe0TnjKml1V8PVRjntSI=",
        "owner": "NixOS",
        "repo": "nixpkgs",
        "rev": "090e478bd64824e2122328df47a7efb74fdaf0c1",
        "type": "github"
      },
      "original": {
        "owner": "NixOS",
        "ref": "nixos-unstable-small",
        "repo": "nixpkgs",
        "type": "github"
      }
    }
  },
  "root": "root",
  "version": 7
}
